
Microsoft Visual Studio Solution File, Format Version 12.00
# Visual Studio Version 17
VisualStudioVersion = 17.4.33122.133
MinimumVisualStudioVersion = 10.0.40219.1
Project("{8BC9CEB8-8B4A-11D0-8D11-00A0C91BC942}") = "240518-1400-Operator", "240518-1400-Operator\240518-1400-Operator.vcxproj", "{CFD21AA7-FD77-4354-9D5A-62F7E984AFAD}"
EndProject
Project("{8BC9CEB8-8B4A-11D0-8D11-00A0C91BC942}") = "240518-1420-Operator", "240518-1420-Operator\240518-1420-Operator.vcxproj", "{6FE6E401-F6FA-4EBF-BB93-B08D377B896F}"
EndProject
Project("{8BC9CEB8-8B4A-11D0-8D11-00A0C91BC942}") = "240518-1430-Operator", "240518-1430-Operator\240518-1430-Operator.vcxproj", "{7937A07C-30C4-498E-9D1A-740FF28A4D17}"
EndProject
Project("{8BC9CEB8-8B4A-11D0-8D11-00A0C91BC942}") = "240518-1435-Operator", "240518-1435-Operator\240518-1435-Operator.vcxproj", "{A2FEFAA8-0E1A-4096-8AC3-21930B113018}"
EndProject
Project("{8BC9CEB8-8B4A-11D0-8D11-00A0C91BC942}") = "240518-1500-Operator", "240518-1500-Operator\240518-1500-Operator.vcxproj", "{3282EF86-B251-4FAC-AE3B-44F55AB18BA7}"
EndProject
Project("{8BC9CEB8-8B4A-11D0-8D11-00A0C91BC942}") = "240518-1510-Operator", "240518-1510-Operator\240518-1510-Operator.vcxproj", "{C2D9A1B6-E041-4AAC-8FFE-444B7B5EAC22}"
EndProject
Project("{8BC9CEB8-8B4A-11D0-8D11-00A0C91BC942}") = "240518-1530-Operator", "240518-1530-Operator\240518-1530-Operator.vcxproj", "{0514231B-F94C-4A6C-AFDF-7E725EEBDF0A}"
EndProject
Project("{8BC9CEB8-8B4A-11D0-8D11-00A0C91BC942}") = "240518-1550-Operator", "240518-1550-Operator\240518-1550-Operator.vcxproj", "{4D40B6A5-C312-4AEF-A499-8639955B323E}"
EndProject
Project("{8BC9CEB8-8B4A-11D0-8D11-00A0C91BC942}") = "240518-1619-Operator", "240518-1619-Operator\240518-1619-Operator.vcxproj", "{3FACF2CF-867F-4027-93B3-A20E3C0F3D91}"
EndProject
Project("{8BC9CEB8-8B4A-11D0-8D11-00A0C91BC942}") = "240518-1630-Operator", "240518-1630-Operator\240518-1630-Operator.vcxproj", "{B1098393-463F-47DE-A671-6F9785D5CA90}"
EndProject
Project("{8BC9CEB8-8B4A-11D0-8D11-00A0C91BC942}") = "240518-1700-Operator", "240518-1700-Operator\240518-1700-Operator.vcxproj", "{BE4FB4B2-5A97-420F-BE54-41261C30B92A}"
EndProject
Project("{8BC9CEB8-8B4A-11D0-8D11-00A0C91BC942}") = "240518-1730-Operator", "240518-1730-Operator\240518-1730-Operator.vcxproj", "{1D41FF3D-E43D-4FD1-AD1D-47942ABA9972}"
EndProject
Project("{8BC9CEB8-8B4A-11D0-8D11-00A0C91BC942}") = "240518-1745-Operator", "240518-1745-Operator\240518-1745-Operator.vcxproj", "{5D9FC60F-7E2D-4F11-8CB8-DC6D680EABDC}"
EndProject
Project("{8BC9CEB8-8B4A-11D0-8D11-00A0C91BC942}") = "240518-1750-Operator", "240518-1750-Operator\240518-1750-Operator.vcxproj", "{4A44389A-496B-4DDB-B719-D7BF5B29AB7D}"
EndProject
Global
	GlobalSection(SolutionConfigurationPlatforms) = preSolution
		Debug|x64 = Debug|x64
		Debug|x86 = Debug|x86
		Release|x64 = Release|x64
		Release|x86 = Release|x86
	EndGlobalSection
	GlobalSection(ProjectConfigurationPlatforms) = postSolution
		{CFD21AA7-FD77-4354-9D5A-62F7E984AFAD}.Debug|x64.ActiveCfg = Debug|x64
		{CFD21AA7-FD77-4354-9D5A-62F7E984AFAD}.Debug|x64.Build.0 = Debug|x64
		{CFD21AA7-FD77-4354-9D5A-62F7E984AFAD}.Debug|x86.ActiveCfg = Debug|Win32
		{CFD21AA7-FD77-4354-9D5A-62F7E984AFAD}.Debug|x86.Build.0 = Debug|Win32
		{CFD21AA7-FD77-4354-9D5A-62F7E984AFAD}.Release|x64.ActiveCfg = Release|x64
		{CFD21AA7-FD77-4354-9D5A-62F7E984AFAD}.Release|x64.Build.0 = Release|x64
		{CFD21AA7-FD77-4354-9D5A-62F7E984AFAD}.Release|x86.ActiveCfg = Release|Win32
		{CFD21AA7-FD77-4354-9D5A-62F7E984AFAD}.Release|x86.Build.0 = Release|Win32
		{6FE6E401-F6FA-4EBF-BB93-B08D377B896F}.Debug|x64.ActiveCfg = Debug|x64
		{6FE6E401-F6FA-4EBF-BB93-B08D377B896F}.Debug|x64.Build.0 = Debug|x64
		{6FE6E401-F6FA-4EBF-BB93-B08D377B896F}.Debug|x86.ActiveCfg = Debug|Win32
		{6FE6E401-F6FA-4EBF-BB93-B08D377B896F}.Debug|x86.Build.0 = Debug|Win32
		{6FE6E401-F6FA-4EBF-BB93-B08D377B896F}.Release|x64.ActiveCfg = Release|x64
		{6FE6E401-F6FA-4EBF-BB93-B08D377B896F}.Release|x64.Build.0 = Release|x64
		{6FE6E401-F6FA-4EBF-BB93-B08D377B896F}.Release|x86.ActiveCfg = Release|Win32
		{6FE6E401-F6FA-4EBF-BB93-B08D377B896F}.Release|x86.Build.0 = Release|Win32
		{7937A07C-30C4-498E-9D1A-740FF28A4D17}.Debug|x64.ActiveCfg = Debug|x64
		{7937A07C-30C4-498E-9D1A-740FF28A4D17}.Debug|x64.Build.0 = Debug|x64
		{7937A07C-30C4-498E-9D1A-740FF28A4D17}.Debug|x86.ActiveCfg = Debug|Win32
		{7937A07C-30C4-498E-9D1A-740FF28A4D17}.Debug|x86.Build.0 = Debug|Win32
		{7937A07C-30C4-498E-9D1A-740FF28A4D17}.Release|x64.ActiveCfg = Release|x64
		{7937A07C-30C4-498E-9D1A-740FF28A4D17}.Release|x64.Build.0 = Release|x64
		{7937A07C-30C4-498E-9D1A-740FF28A4D17}.Release|x86.ActiveCfg = Release|Win32
		{7937A07C-30C4-498E-9D1A-740FF28A4D17}.Release|x86.Build.0 = Release|Win32
		{A2FEFAA8-0E1A-4096-8AC3-21930B113018}.Debug|x64.ActiveCfg = Debug|x64
		{A2FEFAA8-0E1A-4096-8AC3-21930B113018}.Debug|x64.Build.0 = Debug|x64
		{A2FEFAA8-0E1A-4096-8AC3-21930B113018}.Debug|x86.ActiveCfg = Debug|Win32
		{A2FEFAA8-0E1A-4096-8AC3-21930B113018}.Debug|x86.Build.0 = Debug|Win32
		{A2FEFAA8-0E1A-4096-8AC3-21930B113018}.Release|x64.ActiveCfg = Release|x64
		{A2FEFAA8-0E1A-4096-8AC3-21930B113018}.Release|x64.Build.0 = Release|x64
		{A2FEFAA8-0E1A-4096-8AC3-21930B113018}.Release|x86.ActiveCfg = Release|Win32
		{A2FEFAA8-0E1A-4096-8AC3-21930B113018}.Release|x86.Build.0 = Release|Win32
		{3282EF86-B251-4FAC-AE3B-44F55AB18BA7}.Debug|x64.ActiveCfg = Debug|x64
		{3282EF86-B251-4FAC-AE3B-44F55AB18BA7}.Debug|x64.Build.0 = Debug|x64
		{3282EF86-B251-4FAC-AE3B-44F55AB18BA7}.Debug|x86.ActiveCfg = Debug|Win32
		{3282EF86-B251-4FAC-AE3B-44F55AB18BA7}.Debug|x86.Build.0 = Debug|Win32
		{3282EF86-B251-4FAC-AE3B-44F55AB18BA7}.Release|x64.ActiveCfg = Release|x64
		{3282EF86-B251-4FAC-AE3B-44F55AB18BA7}.Release|x64.Build.0 = Release|x64
		{3282EF86-B251-4FAC-AE3B-44F55AB18BA7}.Release|x86.ActiveCfg = Release|Win32
		{3282EF86-B251-4FAC-AE3B-44F55AB18BA7}.Release|x86.Build.0 = Release|Win32
		{C2D9A1B6-E041-4AAC-8FFE-444B7B5EAC22}.Debug|x64.ActiveCfg = Debug|x64
		{C2D9A1B6-E041-4AAC-8FFE-444B7B5EAC22}.Debug|x64.Build.0 = Debug|x64
		{C2D9A1B6-E041-4AAC-8FFE-444B7B5EAC22}.Debug|x86.ActiveCfg = Debug|Win32
		{C2D9A1B6-E041-4AAC-8FFE-444B7B5EAC22}.Debug|x86.Build.0 = Debug|Win32
		{C2D9A1B6-E041-4AAC-8FFE-444B7B5EAC22}.Release|x64.ActiveCfg = Release|x64
		{C2D9A1B6-E041-4AAC-8FFE-444B7B5EAC22}.Release|x64.Build.0 = Release|x64
		{C2D9A1B6-E041-4AAC-8FFE-444B7B5EAC22}.Release|x86.ActiveCfg = Release|Win32
		{C2D9A1B6-E041-4AAC-8FFE-444B7B5EAC22}.Release|x86.Build.0 = Release|Win32
		{0514231B-F94C-4A6C-AFDF-7E725EEBDF0A}.Debug|x64.ActiveCfg = Debug|x64
		{0514231B-F94C-4A6C-AFDF-7E725EEBDF0A}.Debug|x64.Build.0 = Debug|x64
		{0514231B-F94C-4A6C-AFDF-7E725EEBDF0A}.Debug|x86.ActiveCfg = Debug|Win32
		{0514231B-F94C-4A6C-AFDF-7E725EEBDF0A}.Debug|x86.Build.0 = Debug|Win32
		{0514231B-F94C-4A6C-AFDF-7E725EEBDF0A}.Release|x64.ActiveCfg = Release|x64
		{0514231B-F94C-4A6C-AFDF-7E725EEBDF0A}.Release|x64.Build.0 = Release|x64
		{0514231B-F94C-4A6C-AFDF-7E725EEBDF0A}.Release|x86.ActiveCfg = Release|Win32
		{0514231B-F94C-4A6C-AFDF-7E725EEBDF0A}.Release|x86.Build.0 = Release|Win32
		{4D40B6A5-C312-4AEF-A499-8639955B323E}.Debug|x64.ActiveCfg = Debug|x64
		{4D40B6A5-C312-4AEF-A499-8639955B323E}.Debug|x64.Build.0 = Debug|x64
		{4D40B6A5-C312-4AEF-A499-8639955B323E}.Debug|x86.ActiveCfg = Debug|Win32
		{4D40B6A5-C312-4AEF-A499-8639955B323E}.Debug|x86.Build.0 = Debug|Win32
		{4D40B6A5-C312-4AEF-A499-8639955B323E}.Release|x64.ActiveCfg = Release|x64
		{4D40B6A5-C312-4AEF-A499-8639955B323E}.Release|x64.Build.0 = Release|x64
		{4D40B6A5-C312-4AEF-A499-8639955B323E}.Release|x86.ActiveCfg = Release|Win32
		{4D40B6A5-C312-4AEF-A499-8639955B323E}.Release|x86.Build.0 = Release|Win32
		{3FACF2CF-867F-4027-93B3-A20E3C0F3D91}.Debug|x64.ActiveCfg = Debug|x64
		{3FACF2CF-867F-4027-93B3-A20E3C0F3D91}.Debug|x64.Build.0 = Debug|x64
		{3FACF2CF-867F-4027-93B3-A20E3C0F3D91}.Debug|x86.ActiveCfg = Debug|Win32
		{3FACF2CF-867F-4027-93B3-A20E3C0F3D91}.Debug|x86.Build.0 = Debug|Win32
		{3FACF2CF-867F-4027-93B3-A20E3C0F3D91}.Release|x64.ActiveCfg = Release|x64
		{3FACF2CF-867F-4027-93B3-A20E3C0F3D91}.Release|x64.Build.0 = Release|x64
		{3FACF2CF-867F-4027-93B3-A20E3C0F3D91}.Release|x86.ActiveCfg = Release|Win32
		{3FACF2CF-867F-4027-93B3-A20E3C0F3D91}.Release|x86.Build.0 = Release|Win32
		{B1098393-463F-47DE-A671-6F9785D5CA90}.Debug|x64.ActiveCfg = Debug|x64
		{B1098393-463F-47DE-A671-6F9785D5CA90}.Debug|x64.Build.0 = Debug|x64
		{B1098393-463F-47DE-A671-6F9785D5CA90}.Debug|x86.ActiveCfg = Debug|Win32
		{B1098393-463F-47DE-A671-6F9785D5CA90}.Debug|x86.Build.0 = Debug|Win32
		{B1098393-463F-47DE-A671-6F9785D5CA90}.Release|x64.ActiveCfg = Release|x64
		{B1098393-463F-47DE-A671-6F9785D5CA90}.Release|x64.Build.0 = Release|x64
		{B1098393-463F-47DE-A671-6F9785D5CA90}.Release|x86.ActiveCfg = Release|Win32
		{B1098393-463F-47DE-A671-6F9785D5CA90}.Release|x86.Build.0 = Release|Win32
		{BE4FB4B2-5A97-420F-BE54-41261C30B92A}.Debug|x64.ActiveCfg = Debug|x64
		{BE4FB4B2-5A97-420F-BE54-41261C30B92A}.Debug|x64.Build.0 = Debug|x64
		{BE4FB4B2-5A97-420F-BE54-41261C30B92A}.Debug|x86.ActiveCfg = Debug|Win32
		{BE4FB4B2-5A97-420F-BE54-41261C30B92A}.Debug|x86.Build.0 = Debug|Win32
		{BE4FB4B2-5A97-420F-BE54-41261C30B92A}.Release|x64.ActiveCfg = Release|x64
		{BE4FB4B2-5A97-420F-BE54-41261C30B92A}.Release|x64.Build.0 = Release|x64
		{BE4FB4B2-5A97-420F-BE54-41261C30B92A}.Release|x86.ActiveCfg = Release|Win32
		{BE4FB4B2-5A97-420F-BE54-41261C30B92A}.Release|x86.Build.0 = Release|Win32
		{1D41FF3D-E43D-4FD1-AD1D-47942ABA9972}.Debug|x64.ActiveCfg = Debug|x64
		{1D41FF3D-E43D-4FD1-AD1D-47942ABA9972}.Debug|x64.Build.0 = Debug|x64
		{1D41FF3D-E43D-4FD1-AD1D-47942ABA9972}.Debug|x86.ActiveCfg = Debug|Win32
		{1D41FF3D-E43D-4FD1-AD1D-47942ABA9972}.Debug|x86.Build.0 = Debug|Win32
		{1D41FF3D-E43D-4FD1-AD1D-47942ABA9972}.Release|x64.ActiveCfg = Release|x64
		{1D41FF3D-E43D-4FD1-AD1D-47942ABA9972}.Release|x64.Build.0 = Release|x64
		{1D41FF3D-E43D-4FD1-AD1D-47942ABA9972}.Release|x86.ActiveCfg = Release|Win32
		{1D41FF3D-E43D-4FD1-AD1D-47942ABA9972}.Release|x86.Build.0 = Release|Win32
		{5D9FC60F-7E2D-4F11-8CB8-DC6D680EABDC}.Debug|x64.ActiveCfg = Debug|x64
		{5D9FC60F-7E2D-4F11-8CB8-DC6D680EABDC}.Debug|x64.Build.0 = Debug|x64
		{5D9FC60F-7E2D-4F11-8CB8-DC6D680EABDC}.Debug|x86.ActiveCfg = Debug|Win32
		{5D9FC60F-7E2D-4F11-8CB8-DC6D680EABDC}.Debug|x86.Build.0 = Debug|Win32
		{5D9FC60F-7E2D-4F11-8CB8-DC6D680EABDC}.Release|x64.ActiveCfg = Release|x64
		{5D9FC60F-7E2D-4F11-8CB8-DC6D680EABDC}.Release|x64.Build.0 = Release|x64
		{5D9FC60F-7E2D-4F11-8CB8-DC6D680EABDC}.Release|x86.ActiveCfg = Release|Win32
		{5D9FC60F-7E2D-4F11-8CB8-DC6D680EABDC}.Release|x86.Build.0 = Release|Win32
		{4A44389A-496B-4DDB-B719-D7BF5B29AB7D}.Debug|x64.ActiveCfg = Debug|x64
		{4A44389A-496B-4DDB-B719-D7BF5B29AB7D}.Debug|x64.Build.0 = Debug|x64
		{4A44389A-496B-4DDB-B719-D7BF5B29AB7D}.Debug|x86.ActiveCfg = Debug|Win32
		{4A44389A-496B-4DDB-B719-D7BF5B29AB7D}.Debug|x86.Build.0 = Debug|Win32
		{4A44389A-496B-4DDB-B719-D7BF5B29AB7D}.Release|x64.ActiveCfg = Release|x64
		{4A44389A-496B-4DDB-B719-D7BF5B29AB7D}.Release|x64.Build.0 = Release|x64
		{4A44389A-496B-4DDB-B719-D7BF5B29AB7D}.Release|x86.ActiveCfg = Release|Win32
		{4A44389A-496B-4DDB-B719-D7BF5B29AB7D}.Release|x86.Build.0 = Release|Win32
	EndGlobalSection
	GlobalSection(SolutionProperties) = preSolution
		HideSolutionNode = FALSE
	EndGlobalSection
	GlobalSection(ExtensibilityGlobals) = postSolution
		SolutionGuid = {D451FD88-89CE-4180-A14A-7ED2A4605A87}
	EndGlobalSection
EndGlobal
